
Microsoft Visual Studio Solution File, Format Version 12.00
# Visual Studio Version 17
VisualStudioVersion = 17.9.34616.47
MinimumVisualStudioVersion = 10.0.40219.1
Project("{FAE04EC0-301F-11D3-BF4B-00C04F79EFBC}") = "VentasApi", "VentasApi\VentasApi.csproj", "{F652DF28-F0D1-4C04-89BB-B634335F585C}"
EndProject
Global
	GlobalSection(SolutionConfigurationPlatforms) = preSolution
		Debug|Any CPU = Debug|Any CPU
		Release|Any CPU = Release|Any CPU
	EndGlobalSection
	GlobalSection(ProjectConfigurationPlatforms) = postSolution
		{F652DF28-F0D1-4C04-89BB-B634335F585C}.Debug|Any CPU.ActiveCfg = Debug|Any CPU
		{F652DF28-F0D1-4C04-89BB-B634335F585C}.Debug|Any CPU.Build.0 = Debug|Any CPU
		{F652DF28-F0D1-4C04-89BB-B634335F585C}.Release|Any CPU.ActiveCfg = Release|Any CPU
		{F652DF28-F0D1-4C04-89BB-B634335F585C}.Release|Any CPU.Build.0 = Release|Any CPU
	EndGlobalSection
	GlobalSection(SolutionProperties) = preSolution
		HideSolutionNode = FALSE
	EndGlobalSection
	GlobalSection(ExtensibilityGlobals) = postSolution
		SolutionGuid = {E83D0A7A-52DD-42BD-90AD-F4A6232D2C89}
	EndGlobalSection
EndGlobal
